
Microsoft Visual Studio Solution File, Format Version 12.00
# Visual Studio Version 17
VisualStudioVersion = 17.8.34330.188
MinimumVisualStudioVersion = 10.0.40219.1
Project("{888888A0-9F3D-457C-B088-3A5042F75D52}") = "IterationAndRecursion", "IterationAndRecursion\IterationAndRecursion.pyproj", "{B3CC586D-ECFB-411F-AD0C-9BF34D5B0E39}"
EndProject
Global
	GlobalSection(SolutionConfigurationPlatforms) = preSolution
		Debug|Any CPU = Debug|Any CPU
		Release|Any CPU = Release|Any CPU
	EndGlobalSection
	GlobalSection(ProjectConfigurationPlatforms) = postSolution
		{B3CC586D-ECFB-411F-AD0C-9BF34D5B0E39}.Debug|Any CPU.ActiveCfg = Debug|Any CPU
		{B3CC586D-ECFB-411F-AD0C-9BF34D5B0E39}.Release|Any CPU.ActiveCfg = Release|Any CPU
	EndGlobalSection
	GlobalSection(SolutionProperties) = preSolution
		HideSolutionNode = FALSE
	EndGlobalSection
	GlobalSection(ExtensibilityGlobals) = postSolution
		SolutionGuid = {55F6C6F8-75C2-4F9B-80B1-6C4C5A1ED618}
	EndGlobalSection
EndGlobal
